
Microsoft Visual Studio Solution File, Format Version 12.00
# Visual Studio Version 17
VisualStudioVersion = 17.7.34024.191
MinimumVisualStudioVersion = 10.0.40219.1
Project("{FAE04EC0-301F-11D3-BF4B-00C04F79EFBC}") = "CalculatorConsoleApp", "CalculatorConsoleApp\CalculatorConsoleApp.csproj", "{A6521EA0-A603-4D12-B668-E4825CA18062}"
EndProject
Global
	GlobalSection(SolutionConfigurationPlatforms) = preSolution
		Debug|Any CPU = Debug|Any CPU
		Release|Any CPU = Release|Any CPU
	EndGlobalSection
	GlobalSection(ProjectConfigurationPlatforms) = postSolution
		{A6521EA0-A603-4D12-B668-E4825CA18062}.Debug|Any CPU.ActiveCfg = Debug|Any CPU
		{A6521EA0-A603-4D12-B668-E4825CA18062}.Debug|Any CPU.Build.0 = Debug|Any CPU
		{A6521EA0-A603-4D12-B668-E4825CA18062}.Release|Any CPU.ActiveCfg = Release|Any CPU
		{A6521EA0-A603-4D12-B668-E4825CA18062}.Release|Any CPU.Build.0 = Release|Any CPU
	EndGlobalSection
	GlobalSection(SolutionProperties) = preSolution
		HideSolutionNode = FALSE
	EndGlobalSection
	GlobalSection(ExtensibilityGlobals) = postSolution
		SolutionGuid = {AAE6CEB4-54F7-441A-8CB9-06C421D2CCEC}
	EndGlobalSection
EndGlobal
